
Microsoft Visual Studio Solution File, Format Version 12.00
# Visual Studio Version 17
VisualStudioVersion = 17.0.31903.59
MinimumVisualStudioVersion = 10.0.40219.1
Project("{FAE04EC0-301F-11D3-BF4B-00C04F79EFBC}") = "SmoothOperator", "SmoothOperator\SmoothOperator.csproj", "{1A229A01-9397-4674-915B-BCC384B6CFF5}"
EndProject
Project("{FAE04EC0-301F-11D3-BF4B-00C04F79EFBC}") = "VariousOperators", "VariousOperators\VariousOperators.csproj", "{D1A2868E-3D64-4DE7-BD3D-B88E9B0AE540}"
EndProject
Project("{FAE04EC0-301F-11D3-BF4B-00C04F79EFBC}") = "Cilindro", "Cilindro\Cilindro.csproj", "{6EA0E4DB-C36F-428B-979E-708498794304}"
EndProject
Project("{FAE04EC0-301F-11D3-BF4B-00C04F79EFBC}") = "ValoresEspeciais", "ValoresEspeciais\ValoresEspeciais.csproj", "{682EE871-720A-4445-A044-BF9310C6FDBE}"
EndProject
Project("{FAE04EC0-301F-11D3-BF4B-00C04F79EFBC}") = "ChatGPTZero", "ChatGPTZero\ChatGPTZero.csproj", "{61B20612-57D8-417B-B145-E7F22F7F96A1}"
EndProject
Project("{FAE04EC0-301F-11D3-BF4B-00C04F79EFBC}") = "IfExample", "IfExample\IfExample.csproj", "{B15FE362-4331-44DE-A86E-F202347690CF}"
EndProject
Project("{FAE04EC0-301F-11D3-BF4B-00C04F79EFBC}") = "BreakContinue", "BreakContinue\BreakContinue.csproj", "{21C995CC-7EBF-4187-ABA8-B7B0C4EB9FA9}"
EndProject
Project("{FAE04EC0-301F-11D3-BF4B-00C04F79EFBC}") = "ChatGPTOne", "ChatGPTOne\ChatGPTOne.csproj", "{DEA89718-EE2B-48A1-90A7-DD80DB37BF3B}"
EndProject
Project("{FAE04EC0-301F-11D3-BF4B-00C04F79EFBC}") = "GuessTheNumber", "GuessTheNumber\GuessTheNumber.csproj", "{2DC332D1-5259-4719-8B6E-27EEC0F16749}"
EndProject
Global
	GlobalSection(SolutionConfigurationPlatforms) = preSolution
		Debug|Any CPU = Debug|Any CPU
		Release|Any CPU = Release|Any CPU
	EndGlobalSection
	GlobalSection(SolutionProperties) = preSolution
		HideSolutionNode = FALSE
	EndGlobalSection
	GlobalSection(ProjectConfigurationPlatforms) = postSolution
		{1A229A01-9397-4674-915B-BCC384B6CFF5}.Debug|Any CPU.ActiveCfg = Debug|Any CPU
		{1A229A01-9397-4674-915B-BCC384B6CFF5}.Debug|Any CPU.Build.0 = Debug|Any CPU
		{1A229A01-9397-4674-915B-BCC384B6CFF5}.Release|Any CPU.ActiveCfg = Release|Any CPU
		{1A229A01-9397-4674-915B-BCC384B6CFF5}.Release|Any CPU.Build.0 = Release|Any CPU
		{D1A2868E-3D64-4DE7-BD3D-B88E9B0AE540}.Debug|Any CPU.ActiveCfg = Debug|Any CPU
		{D1A2868E-3D64-4DE7-BD3D-B88E9B0AE540}.Debug|Any CPU.Build.0 = Debug|Any CPU
		{D1A2868E-3D64-4DE7-BD3D-B88E9B0AE540}.Release|Any CPU.ActiveCfg = Release|Any CPU
		{D1A2868E-3D64-4DE7-BD3D-B88E9B0AE540}.Release|Any CPU.Build.0 = Release|Any CPU
		{6EA0E4DB-C36F-428B-979E-708498794304}.Debug|Any CPU.ActiveCfg = Debug|Any CPU
		{6EA0E4DB-C36F-428B-979E-708498794304}.Debug|Any CPU.Build.0 = Debug|Any CPU
		{6EA0E4DB-C36F-428B-979E-708498794304}.Release|Any CPU.ActiveCfg = Release|Any CPU
		{6EA0E4DB-C36F-428B-979E-708498794304}.Release|Any CPU.Build.0 = Release|Any CPU
		{682EE871-720A-4445-A044-BF9310C6FDBE}.Debug|Any CPU.ActiveCfg = Debug|Any CPU
		{682EE871-720A-4445-A044-BF9310C6FDBE}.Debug|Any CPU.Build.0 = Debug|Any CPU
		{682EE871-720A-4445-A044-BF9310C6FDBE}.Release|Any CPU.ActiveCfg = Release|Any CPU
		{682EE871-720A-4445-A044-BF9310C6FDBE}.Release|Any CPU.Build.0 = Release|Any CPU
		{61B20612-57D8-417B-B145-E7F22F7F96A1}.Debug|Any CPU.ActiveCfg = Debug|Any CPU
		{61B20612-57D8-417B-B145-E7F22F7F96A1}.Debug|Any CPU.Build.0 = Debug|Any CPU
		{61B20612-57D8-417B-B145-E7F22F7F96A1}.Release|Any CPU.ActiveCfg = Release|Any CPU
		{61B20612-57D8-417B-B145-E7F22F7F96A1}.Release|Any CPU.Build.0 = Release|Any CPU
		{B15FE362-4331-44DE-A86E-F202347690CF}.Debug|Any CPU.ActiveCfg = Debug|Any CPU
		{B15FE362-4331-44DE-A86E-F202347690CF}.Debug|Any CPU.Build.0 = Debug|Any CPU
		{B15FE362-4331-44DE-A86E-F202347690CF}.Release|Any CPU.ActiveCfg = Release|Any CPU
		{B15FE362-4331-44DE-A86E-F202347690CF}.Release|Any CPU.Build.0 = Release|Any CPU
		{21C995CC-7EBF-4187-ABA8-B7B0C4EB9FA9}.Debug|Any CPU.ActiveCfg = Debug|Any CPU
		{21C995CC-7EBF-4187-ABA8-B7B0C4EB9FA9}.Debug|Any CPU.Build.0 = Debug|Any CPU
		{21C995CC-7EBF-4187-ABA8-B7B0C4EB9FA9}.Release|Any CPU.ActiveCfg = Release|Any CPU
		{21C995CC-7EBF-4187-ABA8-B7B0C4EB9FA9}.Release|Any CPU.Build.0 = Release|Any CPU
		{DEA89718-EE2B-48A1-90A7-DD80DB37BF3B}.Debug|Any CPU.ActiveCfg = Debug|Any CPU
		{DEA89718-EE2B-48A1-90A7-DD80DB37BF3B}.Debug|Any CPU.Build.0 = Debug|Any CPU
		{DEA89718-EE2B-48A1-90A7-DD80DB37BF3B}.Release|Any CPU.ActiveCfg = Release|Any CPU
		{DEA89718-EE2B-48A1-90A7-DD80DB37BF3B}.Release|Any CPU.Build.0 = Release|Any CPU
		{2DC332D1-5259-4719-8B6E-27EEC0F16749}.Debug|Any CPU.ActiveCfg = Debug|Any CPU
		{2DC332D1-5259-4719-8B6E-27EEC0F16749}.Debug|Any CPU.Build.0 = Debug|Any CPU
		{2DC332D1-5259-4719-8B6E-27EEC0F16749}.Release|Any CPU.ActiveCfg = Release|Any CPU
		{2DC332D1-5259-4719-8B6E-27EEC0F16749}.Release|Any CPU.Build.0 = Release|Any CPU
	EndGlobalSection
EndGlobal
